
Microsoft Visual Studio Solution File, Format Version 12.00
# Visual Studio Version 17
VisualStudioVersion = 17.0.32014.148
MinimumVisualStudioVersion = 10.0.40219.1
Project("{FAE04EC0-301F-11D3-BF4B-00C04F79EFBC}") = "Jobs_Portel", "Jobs_Portel\Jobs_Portel.csproj", "{8EE87172-96AF-4B9B-A25C-001638C92B11}"
EndProject
Project("{FAE04EC0-301F-11D3-BF4B-00C04F79EFBC}") = "Jobs_Portel.DataEntity", "Jobs_Portel.DataEntity\Jobs_Portel.DataEntity.csproj", "{0FC2DBD9-8743-428B-981A-471DD7DF1AE8}"
EndProject
Project("{FAE04EC0-301F-11D3-BF4B-00C04F79EFBC}") = "Jobs_Portel.BussinessServices", "Jobs_Portel.BussinessServices\Jobs_Portel.BussinessServices.csproj", "{D7C57E17-BF27-4732-A0F1-5754AA669091}"
EndProject
Project("{FAE04EC0-301F-11D3-BF4B-00C04F79EFBC}") = "Jobs_Portel.BussinessEntity", "Jobs_Portel.BussinessEntity\Jobs_Portel.BussinessEntity.csproj", "{E7AAC451-331F-4C03-B150-93C033876937}"
EndProject
Project("{FAE04EC0-301F-11D3-BF4B-00C04F79EFBC}") = "Jobs_Portel.Repository", "Jobs_Portel.Repository\Jobs_Portel.Repository.csproj", "{36B0886B-A774-42B2-8B11-0F9EF012D880}"
EndProject
Global
	GlobalSection(SolutionConfigurationPlatforms) = preSolution
		Debug|Any CPU = Debug|Any CPU
		Release|Any CPU = Release|Any CPU
	EndGlobalSection
	GlobalSection(ProjectConfigurationPlatforms) = postSolution
		{8EE87172-96AF-4B9B-A25C-001638C92B11}.Debug|Any CPU.ActiveCfg = Debug|Any CPU
		{8EE87172-96AF-4B9B-A25C-001638C92B11}.Debug|Any CPU.Build.0 = Debug|Any CPU
		{8EE87172-96AF-4B9B-A25C-001638C92B11}.Release|Any CPU.ActiveCfg = Release|Any CPU
		{8EE87172-96AF-4B9B-A25C-001638C92B11}.Release|Any CPU.Build.0 = Release|Any CPU
		{0FC2DBD9-8743-428B-981A-471DD7DF1AE8}.Debug|Any CPU.ActiveCfg = Debug|Any CPU
		{0FC2DBD9-8743-428B-981A-471DD7DF1AE8}.Debug|Any CPU.Build.0 = Debug|Any CPU
		{0FC2DBD9-8743-428B-981A-471DD7DF1AE8}.Release|Any CPU.ActiveCfg = Release|Any CPU
		{0FC2DBD9-8743-428B-981A-471DD7DF1AE8}.Release|Any CPU.Build.0 = Release|Any CPU
		{D7C57E17-BF27-4732-A0F1-5754AA669091}.Debug|Any CPU.ActiveCfg = Debug|Any CPU
		{D7C57E17-BF27-4732-A0F1-5754AA669091}.Debug|Any CPU.Build.0 = Debug|Any CPU
		{D7C57E17-BF27-4732-A0F1-5754AA669091}.Release|Any CPU.ActiveCfg = Release|Any CPU
		{D7C57E17-BF27-4732-A0F1-5754AA669091}.Release|Any CPU.Build.0 = Release|Any CPU
		{E7AAC451-331F-4C03-B150-93C033876937}.Debug|Any CPU.ActiveCfg = Debug|Any CPU
		{E7AAC451-331F-4C03-B150-93C033876937}.Debug|Any CPU.Build.0 = Debug|Any CPU
		{E7AAC451-331F-4C03-B150-93C033876937}.Release|Any CPU.ActiveCfg = Release|Any CPU
		{E7AAC451-331F-4C03-B150-93C033876937}.Release|Any CPU.Build.0 = Release|Any CPU
		{36B0886B-A774-42B2-8B11-0F9EF012D880}.Debug|Any CPU.ActiveCfg = Debug|Any CPU
		{36B0886B-A774-42B2-8B11-0F9EF012D880}.Debug|Any CPU.Build.0 = Debug|Any CPU
		{36B0886B-A774-42B2-8B11-0F9EF012D880}.Release|Any CPU.ActiveCfg = Release|Any CPU
		{36B0886B-A774-42B2-8B11-0F9EF012D880}.Release|Any CPU.Build.0 = Release|Any CPU
	EndGlobalSection
	GlobalSection(SolutionProperties) = preSolution
		HideSolutionNode = FALSE
	EndGlobalSection
	GlobalSection(ExtensibilityGlobals) = postSolution
		SolutionGuid = {DAF42E68-A0F4-44C6-93D8-E1C23163D6DE}
	EndGlobalSection
EndGlobal
